
Microsoft Visual Studio Solution File, Format Version 12.00
# Visual Studio 14
VisualStudioVersion = 14.0.25420.1
MinimumVisualStudioVersion = 10.0.40219.1
Project("{FAE04EC0-301F-11D3-BF4B-00C04F79EFBC}") = "RobotWars", "RobotWars\RobotWars.csproj", "{CA127C08-9963-4C06-8FB0-6ED3E5A73B94}"
EndProject
Project("{FAE04EC0-301F-11D3-BF4B-00C04F79EFBC}") = "RobotWars.Test", "RobotWars.Test\RobotWars.Test.csproj", "{3B983FB4-7C74-4A56-9BC4-C7355906EBB8}"
EndProject
Global
	GlobalSection(SolutionConfigurationPlatforms) = preSolution
		Debug|Any CPU = Debug|Any CPU
		Release|Any CPU = Release|Any CPU
	EndGlobalSection
	GlobalSection(ProjectConfigurationPlatforms) = postSolution
		{CA127C08-9963-4C06-8FB0-6ED3E5A73B94}.Debug|Any CPU.ActiveCfg = Debug|Any CPU
		{CA127C08-9963-4C06-8FB0-6ED3E5A73B94}.Debug|Any CPU.Build.0 = Debug|Any CPU
		{CA127C08-9963-4C06-8FB0-6ED3E5A73B94}.Release|Any CPU.ActiveCfg = Release|Any CPU
		{CA127C08-9963-4C06-8FB0-6ED3E5A73B94}.Release|Any CPU.Build.0 = Release|Any CPU
		{3B983FB4-7C74-4A56-9BC4-C7355906EBB8}.Debug|Any CPU.ActiveCfg = Debug|Any CPU
		{3B983FB4-7C74-4A56-9BC4-C7355906EBB8}.Debug|Any CPU.Build.0 = Debug|Any CPU
		{3B983FB4-7C74-4A56-9BC4-C7355906EBB8}.Release|Any CPU.ActiveCfg = Release|Any CPU
		{3B983FB4-7C74-4A56-9BC4-C7355906EBB8}.Release|Any CPU.Build.0 = Release|Any CPU
	EndGlobalSection
	GlobalSection(SolutionProperties) = preSolution
		HideSolutionNode = FALSE
	EndGlobalSection
EndGlobal
